
Microsoft Visual Studio Solution File, Format Version 12.00
# Visual Studio Version 16
VisualStudioVersion = 16.0.29123.88
MinimumVisualStudioVersion = 10.0.40219.1
Project("{FAE04EC0-301F-11D3-BF4B-00C04F79EFBC}") = "Clothe_Store", "Clothe_Store\Clothe_Store.csproj", "{28EB1B94-2302-4ADF-BEC9-4177CD932B93}"
EndProject
Project("{FAE04EC0-301F-11D3-BF4B-00C04F79EFBC}") = "Repositories", "Repositories\Repositories.csproj", "{211DE220-AA1A-4155-B558-63AE7104F6EC}"
EndProject
Project("{FAE04EC0-301F-11D3-BF4B-00C04F79EFBC}") = "Services", "Services\Services.csproj", "{7E83B885-3204-4D95-97F6-0B5BB906B6DA}"
EndProject
Project("{FAE04EC0-301F-11D3-BF4B-00C04F79EFBC}") = "Common", "Common\Common.csproj", "{8A254123-1833-43BD-B076-212B4C43A777}"
EndProject
Global
	GlobalSection(SolutionConfigurationPlatforms) = preSolution
		Debug|Any CPU = Debug|Any CPU
		Release|Any CPU = Release|Any CPU
	EndGlobalSection
	GlobalSection(ProjectConfigurationPlatforms) = postSolution
		{28EB1B94-2302-4ADF-BEC9-4177CD932B93}.Debug|Any CPU.ActiveCfg = Debug|Any CPU
		{28EB1B94-2302-4ADF-BEC9-4177CD932B93}.Debug|Any CPU.Build.0 = Debug|Any CPU
		{28EB1B94-2302-4ADF-BEC9-4177CD932B93}.Release|Any CPU.ActiveCfg = Release|Any CPU
		{28EB1B94-2302-4ADF-BEC9-4177CD932B93}.Release|Any CPU.Build.0 = Release|Any CPU
		{211DE220-AA1A-4155-B558-63AE7104F6EC}.Debug|Any CPU.ActiveCfg = Debug|Any CPU
		{211DE220-AA1A-4155-B558-63AE7104F6EC}.Debug|Any CPU.Build.0 = Debug|Any CPU
		{211DE220-AA1A-4155-B558-63AE7104F6EC}.Release|Any CPU.ActiveCfg = Release|Any CPU
		{211DE220-AA1A-4155-B558-63AE7104F6EC}.Release|Any CPU.Build.0 = Release|Any CPU
		{7E83B885-3204-4D95-97F6-0B5BB906B6DA}.Debug|Any CPU.ActiveCfg = Debug|Any CPU
		{7E83B885-3204-4D95-97F6-0B5BB906B6DA}.Debug|Any CPU.Build.0 = Debug|Any CPU
		{7E83B885-3204-4D95-97F6-0B5BB906B6DA}.Release|Any CPU.ActiveCfg = Release|Any CPU
		{7E83B885-3204-4D95-97F6-0B5BB906B6DA}.Release|Any CPU.Build.0 = Release|Any CPU
		{8A254123-1833-43BD-B076-212B4C43A777}.Debug|Any CPU.ActiveCfg = Debug|Any CPU
		{8A254123-1833-43BD-B076-212B4C43A777}.Debug|Any CPU.Build.0 = Debug|Any CPU
		{8A254123-1833-43BD-B076-212B4C43A777}.Release|Any CPU.ActiveCfg = Release|Any CPU
		{8A254123-1833-43BD-B076-212B4C43A777}.Release|Any CPU.Build.0 = Release|Any CPU
	EndGlobalSection
	GlobalSection(SolutionProperties) = preSolution
		HideSolutionNode = FALSE
	EndGlobalSection
	GlobalSection(ExtensibilityGlobals) = postSolution
		SolutionGuid = {2A1475B8-2DCB-4F10-9D54-5C718227E6BD}
	EndGlobalSection
EndGlobal
